
Microsoft Visual Studio Solution File, Format Version 12.00
# Visual Studio Version 16
VisualStudioVersion = 16.0.29709.97
MinimumVisualStudioVersion = 10.0.40219.1
Project("{FAE04EC0-301F-11D3-BF4B-00C04F79EFBC}") = "double2", "double2.csproj", "{CCBFC78B-B73C-40BC-8E73-746ECABAA297}"
EndProject
Global
	GlobalSection(SolutionConfigurationPlatforms) = preSolution
		Debug|Any CPU = Debug|Any CPU
		Release|Any CPU = Release|Any CPU
	EndGlobalSection
	GlobalSection(ProjectConfigurationPlatforms) = postSolution
		{CCBFC78B-B73C-40BC-8E73-746ECABAA297}.Debug|Any CPU.ActiveCfg = Debug|Any CPU
		{CCBFC78B-B73C-40BC-8E73-746ECABAA297}.Debug|Any CPU.Build.0 = Debug|Any CPU
		{CCBFC78B-B73C-40BC-8E73-746ECABAA297}.Release|Any CPU.ActiveCfg = Release|Any CPU
		{CCBFC78B-B73C-40BC-8E73-746ECABAA297}.Release|Any CPU.Build.0 = Release|Any CPU
	EndGlobalSection
	GlobalSection(SolutionProperties) = preSolution
		HideSolutionNode = FALSE
	EndGlobalSection
	GlobalSection(ExtensibilityGlobals) = postSolution
		SolutionGuid = {6A63D42A-B6CB-4583-B2F0-1998A29CDC30}
	EndGlobalSection
EndGlobal
